{
  "name": "2025fall",
  "version": "1.0.0",
  "lockfileVersion": 3,
  "requires": true,
  "packages": {
    "": {
      "name": "2025fall",
      "version": "1.0.0",
      "dependencies": {
        "autocorrect-node": "^2.14.0",
        "prettier": "^3.1.0"
      }
    },
    "node_modules/autocorrect-node": {
      "version": "2.14.0",
      "resolved": "https://registry.npmmirror.com/autocorrect-node/-/autocorrect-node-2.14.0.tgz",
      "integrity": "sha512-Pkdw3Hr1Wbtpm8f7KYOaPnHFa7TNVo9dyuOffVaNGN3iWWRBs011XBuCJUEmHV097kJkab94cs4P6KJ4pvI41g==",
      "license": "MIT",
      "bin": {
        "autocorrect": "cli.js"
      },
      "engines": {
        "node": ">= 10"
      },
      "optionalDependencies": {
        "autocorrect-node-darwin-arm64": "2.14.0",
        "autocorrect-node-darwin-x64": "2.14.0",
        "autocorrect-node-linux-x64-gnu": "2.14.0",
        "autocorrect-node-linux-x64-musl": "2.14.0",
        "autocorrect-node-win32-x64-msvc": "2.14.0"
      }
    },
    "node_modules/autocorrect-node-darwin-arm64": {
      "version": "2.14.0",
      "resolved": "https://registry.npmmirror.com/autocorrect-node-darwin-arm64/-/autocorrect-node-darwin-arm64-2.14.0.tgz",
      "integrity": "sha512-l5IRTQz6zYAlkfEc5emIDXBkayD0MIwPPAVXCFMceFwyTNhAJ5veoKqRrsPuBVthIbfYKtAUs9oy9oFoHQn7bw==",
      "cpu": [
        "arm64"
      ],
      "license": "MIT",
      "optional": true,
      "os": [
        "darwin"
      ],
      "engines": {
        "node": ">= 10"
      }
    },
    "node_modules/autocorrect-node-darwin-x64": {
      "version": "2.14.0",
      "resolved": "https://registry.npmmirror.com/autocorrect-node-darwin-x64/-/autocorrect-node-darwin-x64-2.14.0.tgz",
      "integrity": "sha512-vRO0lwfXff2Fs41NzdDqN5t4VQ03M0Xsn6Tk4OjMrbjoWJqaEq05KZOTSaSF/wEs/7E1VoaI9Kz+c0fqylVX4Q==",
      "cpu": [
        "x64"
      ],
      "license": "MIT",
      "optional": true,
      "os": [
        "darwin"
      ],
      "engines": {
        "node": ">= 10"
      }
    },
    "node_modules/autocorrect-node-linux-x64-gnu": {
      "version": "2.14.0",
      "resolved": "https://registry.npmmirror.com/autocorrect-node-linux-x64-gnu/-/autocorrect-node-linux-x64-gnu-2.14.0.tgz",
      "integrity": "sha512-v1y1wh340cbhrHSZZP0oPkvWUprDtUIwnBP69Bls27VhQ2ZyVV4eijDNOP//yGUyUunMB0rtWoZaBsq8ugt1Kg==",
      "cpu": [
        "x64"
      ],
      "license": "MIT",
      "optional": true,
      "os": [
        "linux"
      ],
      "engines": {
        "node": ">= 10"
      }
    },
    "node_modules/autocorrect-node-linux-x64-musl": {
      "version": "2.14.0",
      "resolved": "https://registry.npmmirror.com/autocorrect-node-linux-x64-musl/-/autocorrect-node-linux-x64-musl-2.14.0.tgz",
      "integrity": "sha512-3LifiLG61VIXBrOITpD/REcg/ZEUuLz/P2XUWMCfGqhzoUb8oFgM3o0A6extvIH2NefiHMndB9kNbfQjXCl3zA==",
      "cpu": [
        "x64"
      ],
      "license": "MIT",
      "optional": true,
      "os": [
        "linux"
      ],
      "engines": {
        "node": ">= 10"
      }
    },
    "node_modules/autocorrect-node-win32-x64-msvc": {
      "version": "2.14.0",
      "resolved": "https://registry.npmmirror.com/autocorrect-node-win32-x64-msvc/-/autocorrect-node-win32-x64-msvc-2.14.0.tgz",
      "integrity": "sha512-OM6TeGUW0+4R9KtUYTYNEwlInd+b2kumw/B1HCbCzb1F7HpfaNxnZiMk1li0bdPPBDzD5YuzwM30VJZMCWIi5A==",
      "cpu": [
        "x64"
      ],
      "license": "MIT",
      "optional": true,
      "os": [
        "win32"
      ],
      "engines": {
        "node": ">= 10"
      }
    },
    "node_modules/prettier": {
      "version": "3.6.2",
      "resolved": "https://registry.npmmirror.com/prettier/-/prettier-3.6.2.tgz",
      "integrity": "sha512-I7AIg5boAr5R0FFtJ6rCfD+LFsWHp81dolrFD8S79U9tb8Az2nGrJncnMSnys+bpQJfRUzqs9hnA81OAA3hCuQ==",
      "license": "MIT",
      "bin": {
        "prettier": "bin/prettier.cjs"
      },
      "engines": {
        "node": ">=14"
      },
      "funding": {
        "url": "https://github.com/prettier/prettier?sponsor=1"
      }
    }
  }
}
